<?xml version="1.0" encoding="utf-8"?>
<Project ToolsVersion="4.0" xmlns="http://schemas.microsoft.com/developer/msbuild/2003">
  <ItemGroup>
    <Filter Include="Fichiers sources">
      <UniqueIdentifier>{4FC737F1-C7A5-4376-A066-2A32D752A2FF}</UniqueIdentifier>
      <Extensions>cpp;c;cc;cxx;c++;cppm;ixx;def;odl;idl;hpj;bat;asm;asmx</Extensions>
    </Filter>
    <Filter Include="Fichiers d%27en-tête">
      <UniqueIdentifier>{93995380-89BD-4b04-88EB-625FBE52EBFB}</UniqueIdentifier>
      <Extensions>h;hh;hpp;hxx;h++;hm;inl;inc;ipp;xsd</Extensions>
    </Filter>
    <Filter Include="Fichiers de ressources">
      <UniqueIdentifier>{67DA6AB6-F800-4c08-8B7A-83BB121AAD01}</UniqueIdentifier>
      <Extensions>rc;ico;cur;bmp;dlg;rc2;rct;bin;rgs;gif;jpg;jpeg;jpe;resx;tiff;tif;png;wav;mfcribbon-ms</Extensions>
    </Filter>
    <Filter Include="Fichiers d%27en-tête\ecs">
      <UniqueIdentifier>{4caf9b0b-d60e-44ba-ad4c-8e1d3887c26e}</UniqueIdentifier>
    </Filter>
    <Filter Include="Fichiers d%27en-tête\component">
      <UniqueIdentifier>{ad222a95-48f3-4029-9e34-7f3e7b22e7bd}</UniqueIdentifier>
    </Filter>
    <Filter Include="Fichiers d%27en-tête\systems">
      <UniqueIdentifier>{ec442782-e714-4d11-b736-5501bbb50fbe}</UniqueIdentifier>
    </Filter>
    <Filter Include="Fichiers sources\systems">
      <UniqueIdentifier>{0158b06d-e3c4-4807-99a2-f7147b5461cb}</UniqueIdentifier>
    </Filter>
    <Filter Include="Fichiers d%27en-tête\imgui">
      <UniqueIdentifier>{922dba24-3413-48bb-9021-d10db2d214c0}</UniqueIdentifier>
    </Filter>
    <Filter Include="Fichiers sources\imgui">
      <UniqueIdentifier>{e9625afd-8dec-48f3-91b7-a225b8d8d070}</UniqueIdentifier>
    </Filter>
    <Filter Include="Fichiers sources\imguiCustom">
      <UniqueIdentifier>{02586944-d04b-4075-8185-639e07e0f236}</UniqueIdentifier>
    </Filter>
    <Filter Include="Fichiers d%27en-tête\imguiCustom">
      <UniqueIdentifier>{ce5e6216-9702-49bd-8828-3d3578f2b61a}</UniqueIdentifier>
    </Filter>
    <Filter Include="Fichiers d%27en-tête\render">
      <UniqueIdentifier>{ca4666f4-59e4-472e-b2cc-dd98a697788f}</UniqueIdentifier>
    </Filter>
    <Filter Include="Fichiers sources\render">
      <UniqueIdentifier>{cce5310e-6d78-43f1-9018-d99b8207e4af}</UniqueIdentifier>
    </Filter>
  </ItemGroup>
  <ItemGroup>
    <ClCompile Include="first_app.cpp">
      <Filter>Fichiers sources</Filter>
    </ClCompile>
    <ClCompile Include="lve_device.cpp">
      <Filter>Fichiers sources</Filter>
    </ClCompile>
    <ClCompile Include="lve_pipeline.cpp">
      <Filter>Fichiers sources</Filter>
    </ClCompile>
    <ClCompile Include="lve_swap_chain.cpp">
      <Filter>Fichiers sources</Filter>
    </ClCompile>
    <ClCompile Include="lve_window.cpp">
      <Filter>Fichiers sources</Filter>
    </ClCompile>
    <ClCompile Include="main.cpp">
      <Filter>Fichiers sources</Filter>
    </ClCompile>
    <ClCompile Include="lve_model.cpp">
      <Filter>Fichiers sources</Filter>
    </ClCompile>
    <ClCompile Include="lve_renderer.cpp">
      <Filter>Fichiers sources</Filter>
    </ClCompile>
    <ClCompile Include="lve_camera.cpp">
      <Filter>Fichiers sources</Filter>
    </ClCompile>
    <ClCompile Include="keyboard_movement_controller.cpp">
      <Filter>Fichiers sources</Filter>
    </ClCompile>
    <ClCompile Include="lve_game_object.cpp">
      <Filter>Fichiers sources</Filter>
    </ClCompile>
    <ClCompile Include="lve_buffer.cpp">
      <Filter>Fichiers sources</Filter>
    </ClCompile>
    <ClCompile Include="lve_descriptors.cpp">
      <Filter>Fichiers sources</Filter>
    </ClCompile>
    <ClCompile Include="systems\graphSystem.cpp">
      <Filter>Fichiers sources\systems</Filter>
    </ClCompile>
    <ClCompile Include="systems\physicsSystem.cpp">
      <Filter>Fichiers sources\systems</Filter>
    </ClCompile>
    <ClCompile Include="imguiLayer.cpp">
      <Filter>Fichiers sources\imguiCustom</Filter>
    </ClCompile>
    <ClCompile Include="OffScreen.cpp">
      <Filter>Fichiers sources</Filter>
    </ClCompile>
    <ClCompile Include="imgui\imgui_impl_glfw.cpp">
      <Filter>Fichiers sources\imgui</Filter>
    </ClCompile>
    <ClCompile Include="imgui\imgui_impl_vulkan.cpp">
      <Filter>Fichiers sources\imgui</Filter>
    </ClCompile>
    <ClCompile Include="imgui\imgui_tables.cpp">
      <Filter>Fichiers sources\imgui</Filter>
    </ClCompile>
    <ClCompile Include="imgui\imgui_widgets.cpp">
      <Filter>Fichiers sources\imgui</Filter>
    </ClCompile>
    <ClCompile Include="imgui\imgui.cpp">
      <Filter>Fichiers sources\imgui</Filter>
    </ClCompile>
    <ClCompile Include="imgui\imgui_draw.cpp">
      <Filter>Fichiers sources\imgui</Filter>
    </ClCompile>
    <ClCompile Include="sceneHierarchy.cpp">
      <Filter>Fichiers sources\imguiCustom</Filter>
    </ClCompile>
    <ClCompile Include="systems\gridSystem.cpp">
      <Filter>Fichiers sources\systems</Filter>
    </ClCompile>
    <ClCompile Include="menu.cpp">
      <Filter>Fichiers sources\imguiCustom</Filter>
    </ClCompile>
    <ClCompile Include="projectSettingGUI.cpp">
      <Filter>Fichiers sources\imguiCustom</Filter>
    </ClCompile>
    <ClCompile Include="systems\terrainSystem.cpp">
      <Filter>Fichiers sources\systems</Filter>
    </ClCompile>
    <ClCompile Include="render_system\point_light_render_system.cpp">
      <Filter>Fichiers sources\render</Filter>
    </ClCompile>
    <ClCompile Include="render_system\simple_render_system.cpp">
      <Filter>Fichiers sources\render</Filter>
    </ClCompile>
    <ClCompile Include="render_system\collider_render_system.cpp">
      <Filter>Fichiers sources\render</Filter>
    </ClCompile>
    <ClCompile Include="systems\viewSystem.cpp">
      <Filter>Fichiers sources\systems</Filter>
    </ClCompile>
  </ItemGroup>
  <ItemGroup>
    <ClInclude Include="first_app.hpp">
      <Filter>Fichiers d%27en-tête</Filter>
    </ClInclude>
    <ClInclude Include="lve_device.hpp">
      <Filter>Fichiers d%27en-tête</Filter>
    </ClInclude>
    <ClInclude Include="lve_pipeline.hpp">
      <Filter>Fichiers d%27en-tête</Filter>
    </ClInclude>
    <ClInclude Include="lve_swap_chain.hpp">
      <Filter>Fichiers d%27en-tête</Filter>
    </ClInclude>
    <ClInclude Include="lve_window.hpp">
      <Filter>Fichiers d%27en-tête</Filter>
    </ClInclude>
    <ClInclude Include="lve_model.hpp">
      <Filter>Fichiers d%27en-tête</Filter>
    </ClInclude>
    <ClInclude Include="lve_game_object.hpp">
      <Filter>Fichiers d%27en-tête</Filter>
    </ClInclude>
    <ClInclude Include="lve_renderer.hpp">
      <Filter>Fichiers d%27en-tête</Filter>
    </ClInclude>
    <ClInclude Include="lve_camera.hpp">
      <Filter>Fichiers d%27en-tête</Filter>
    </ClInclude>
    <ClInclude Include="keyboard_movement_controller.hpp">
      <Filter>Fichiers d%27en-tête</Filter>
    </ClInclude>
    <ClInclude Include="lve_utils.hpp">
      <Filter>Fichiers d%27en-tête</Filter>
    </ClInclude>
    <ClInclude Include="lve_buffer.hpp">
      <Filter>Fichiers d%27en-tête</Filter>
    </ClInclude>
    <ClInclude Include="lve_frame_info.hpp">
      <Filter>Fichiers d%27en-tête</Filter>
    </ClInclude>
    <ClInclude Include="lve_descriptors.hpp">
      <Filter>Fichiers d%27en-tête</Filter>
    </ClInclude>
    <ClInclude Include="ecs\componentManager.hpp">
      <Filter>Fichiers d%27en-tête\ecs</Filter>
    </ClInclude>
    <ClInclude Include="ecs\componentArray.hpp">
      <Filter>Fichiers d%27en-tête\ecs</Filter>
    </ClInclude>
    <ClInclude Include="ecs\coordinator.hpp">
      <Filter>Fichiers d%27en-tête\ecs</Filter>
    </ClInclude>
    <ClInclude Include="ecs\gameObjectManager.hpp">
      <Filter>Fichiers d%27en-tête\ecs</Filter>
    </ClInclude>
    <ClInclude Include="ecs\systemManager.hpp">
      <Filter>Fichiers d%27en-tête\ecs</Filter>
    </ClInclude>
    <ClInclude Include="components\graph.hpp">
      <Filter>Fichiers d%27en-tête\component</Filter>
    </ClInclude>
    <ClInclude Include="components\mesh.hpp">
      <Filter>Fichiers d%27en-tête\component</Filter>
    </ClInclude>
    <ClInclude Include="components\RigidBody.hpp">
      <Filter>Fichiers d%27en-tête\component</Filter>
    </ClInclude>
    <ClInclude Include="components\Transform.hpp">
      <Filter>Fichiers d%27en-tête\component</Filter>
    </ClInclude>
    <ClInclude Include="ecs\types.hpp">
      <Filter>Fichiers d%27en-tête\ecs</Filter>
    </ClInclude>
    <ClInclude Include="systems\graphSystem.hpp">
      <Filter>Fichiers d%27en-tête\systems</Filter>
    </ClInclude>
    <ClInclude Include="systems\system.hpp">
      <Filter>Fichiers d%27en-tête\systems</Filter>
    </ClInclude>
    <ClInclude Include="systems\physicsSystem.hpp">
      <Filter>Fichiers d%27en-tête\systems</Filter>
    </ClInclude>
    <ClInclude Include="components\aabb.hpp">
      <Filter>Fichiers d%27en-tête\component</Filter>
    </ClInclude>
    <ClInclude Include="imguiLayer.hpp">
      <Filter>Fichiers d%27en-tête\imguiCustom</Filter>
    </ClInclude>
    <ClInclude Include="OffScreen.hpp">
      <Filter>Fichiers d%27en-tête</Filter>
    </ClInclude>
    <ClInclude Include="imgui\imstb_textedit.h">
      <Filter>Fichiers d%27en-tête\imgui</Filter>
    </ClInclude>
    <ClInclude Include="imgui\imstb_truetype.h">
      <Filter>Fichiers d%27en-tête\imgui</Filter>
    </ClInclude>
    <ClInclude Include="imgui\imconfig.h">
      <Filter>Fichiers d%27en-tête\imgui</Filter>
    </ClInclude>
    <ClInclude Include="imgui\imgui.h">
      <Filter>Fichiers d%27en-tête\imgui</Filter>
    </ClInclude>
    <ClInclude Include="imgui\imgui_impl_glfw.h">
      <Filter>Fichiers d%27en-tête\imgui</Filter>
    </ClInclude>
    <ClInclude Include="imgui\imgui_internal.h">
      <Filter>Fichiers d%27en-tête\imgui</Filter>
    </ClInclude>
    <ClInclude Include="imgui\imstb_rectpack.h">
      <Filter>Fichiers d%27en-tête\imgui</Filter>
    </ClInclude>
    <ClInclude Include="imgui\imgui_impl_vulkan.h">
      <Filter>Fichiers d%27en-tête\imgui</Filter>
    </ClInclude>
    <ClInclude Include="sceneHierarchy.hpp">
      <Filter>Fichiers d%27en-tête\imguiCustom</Filter>
    </ClInclude>
    <ClInclude Include="systems\gridSystem.hpp">
      <Filter>Fichiers d%27en-tête\systems</Filter>
    </ClInclude>
    <ClInclude Include="menu.hpp">
      <Filter>Fichiers d%27en-tête\imguiCustom</Filter>
    </ClInclude>
    <ClInclude Include="print.hpp">
      <Filter>Fichiers d%27en-tête\imguiCustom</Filter>
    </ClInclude>
    <ClInclude Include="projectSetting.hpp">
      <Filter>Fichiers d%27en-tête</Filter>
    </ClInclude>
    <ClInclude Include="projectSettingGUI.hpp">
      <Filter>Fichiers d%27en-tête\imguiCustom</Filter>
    </ClInclude>
    <ClInclude Include="systems\terrainSystem.hpp">
      <Filter>Fichiers d%27en-tête\systems</Filter>
    </ClInclude>
    <ClInclude Include="components\terrain.hpp">
      <Filter>Fichiers d%27en-tête\component</Filter>
    </ClInclude>
    <ClInclude Include="render_system\point_light_render_system.hpp">
      <Filter>Fichiers d%27en-tête\render</Filter>
    </ClInclude>
    <ClInclude Include="render_system\simple_render_system.hpp">
      <Filter>Fichiers d%27en-tête\render</Filter>
    </ClInclude>
    <ClInclude Include="render_system\collider_render_system.hpp">
      <Filter>Fichiers d%27en-tête\render</Filter>
    </ClInclude>
    <ClInclude Include="systems\viewSystem.hpp">
      <Filter>Fichiers d%27en-tête\systems</Filter>
    </ClInclude>
    <ClInclude Include="components\Camera.hpp">
      <Filter>Fichiers d%27en-tête\component</Filter>
    </ClInclude>
  </ItemGroup>
  <ItemGroup>
    <None Include="shaders\simple_shader.frag">
      <Filter>Fichiers de ressources</Filter>
    </None>
    <None Include="shaders\simple_shader.frag.spv">
      <Filter>Fichiers de ressources</Filter>
    </None>
    <None Include="shaders\simple_shader.vert">
      <Filter>Fichiers de ressources</Filter>
    </None>
    <None Include="shaders\simple_shader.vert.spv">
      <Filter>Fichiers de ressources</Filter>
    </None>
    <None Include="shaders\grid.vert">
      <Filter>Fichiers de ressources</Filter>
    </None>
    <None Include="shaders\grid.frag">
      <Filter>Fichiers de ressources</Filter>
    </None>
    <None Include="shaders\grid.frag.spv">
      <Filter>Fichiers de ressources</Filter>
    </None>
    <None Include="shaders\grid.vert.spv">
      <Filter>Fichiers de ressources</Filter>
    </None>
  </ItemGroup>
</Project>