
Microsoft Visual Studio Solution File, Format Version 12.00
# Visual Studio Version 16
VisualStudioVersion = 16.0.32002.261
MinimumVisualStudioVersion = 10.0.40219.1
Project("{8BC9CEB8-8B4A-11D0-8D11-00A0C91BC942}") = "LVE2", "LVE2.vcxproj", "{8A961A6D-A634-472C-A882-109055408E92}"
EndProject
Global
	GlobalSection(SolutionConfigurationPlatforms) = preSolution
		Debug|x64 = Debug|x64
		Debug|x86 = Debug|x86
		Release|x64 = Release|x64
		Release|x86 = Release|x86
	EndGlobalSection
	GlobalSection(ProjectConfigurationPlatforms) = postSolution
		{8A961A6D-A634-472C-A882-109055408E92}.Debug|x64.ActiveCfg = Debug|x64
		{8A961A6D-A634-472C-A882-109055408E92}.Debug|x64.Build.0 = Debug|x64
		{8A961A6D-A634-472C-A882-109055408E92}.Debug|x86.ActiveCfg = Debug|Win32
		{8A961A6D-A634-472C-A882-109055408E92}.Debug|x86.Build.0 = Debug|Win32
		{8A961A6D-A634-472C-A882-109055408E92}.Release|x64.ActiveCfg = Release|x64
		{8A961A6D-A634-472C-A882-109055408E92}.Release|x64.Build.0 = Release|x64
		{8A961A6D-A634-472C-A882-109055408E92}.Release|x86.ActiveCfg = Release|Win32
		{8A961A6D-A634-472C-A882-109055408E92}.Release|x86.Build.0 = Release|Win32
	EndGlobalSection
	GlobalSection(SolutionProperties) = preSolution
		HideSolutionNode = FALSE
	EndGlobalSection
	GlobalSection(ExtensibilityGlobals) = postSolution
		SolutionGuid = {71D63927-31A3-4A3F-A9C9-5DD917DF9E14}
	EndGlobalSection
EndGlobal
